{
    "_meta": {
        "hash": {
            "sha256": "840f516c337b8c5e2d44842b0b3a0c24769c363119f5e24b3b37718dc855db66"
        },
        "pipfile-spec": 6,
        "requires": {
            "python_version": "3.7"
        },
        "sources": [
            {
                "name": "pypi",
                "url": "https://pypi.org/simple",
                "verify_ssl": true
            }
        ]
    },
    "default": {
        "click": {
            "hashes": [
                "sha256:2335065e6395b9e67ca716de5f7526736bfa6ceead690adf616d925bdc622b13",
                "sha256:5b94b49521f6456670fdb30cd82a4eca9412788a93fa6dd6df72c94d5a8ff2d7"
            ],
            "index": "pypi",
            "version": "==7.0"
        },
        "meld3": {
            "hashes": [
                "sha256:1efda676264490db2e30bfb81b27a918cc6d9c2de6d609491aa43410b9537eb9",
                "sha256:a78cdcb6c0342b7ac82d900b584bd918ef72f86b60cdbf04754f840c070eb20c"
            ],
            "version": "==2.0.0"
        },
        "mpmath": {
            "hashes": [
                "sha256:fc17abe05fbab3382b61a123c398508183406fa132e0223874578e20946499f6"
            ],
            "index": "pypi",
            "version": "==1.1.0"
        },
        "msgpack": {
            "hashes": [
                "sha256:0cc7ca04e575ba34fea7cfcd76039f55def570e6950e4155a4174368142c8e1b",
                "sha256:187794cd1eb73acccd528247e3565f6760bd842d7dc299241f830024a7dd5610",
                "sha256:1904b7cb65342d0998b75908304a03cb004c63ef31e16c8c43fee6b989d7f0d7",
                "sha256:229a0ccdc39e9b6c6d1033cd8aecd9c296823b6c87f0de3943c59b8bc7c64bee",
                "sha256:24149a75643aeaa81ece4259084d11b792308a6cf74e796cbb35def94c89a25a",
                "sha256:30b88c47e0cdb6062daed88ca283b0d84fa0d2ad6c273aa0788152a1c643e408",
                "sha256:32fea0ea3cd1ef820286863a6202dcfd62a539b8ec3edcbdff76068a8c2cc6ce",
                "sha256:355f7fd0f90134229eaeefaee3cf42e0afc8518e8f3cd4b25f541a7104dcb8f9",
                "sha256:4abdb88a9b67e64810fb54b0c24a1fd76b12297b4f7a1467d85a14dd8367191a",
                "sha256:757bd71a9b89e4f1db0622af4436d403e742506dbea978eba566815dc65ec895",
                "sha256:76df51492bc6fa6cc8b65d09efdb67cbba3cbfe55004c3afc81352af92b4a43c",
                "sha256:774f5edc3475917cd95fe593e625d23d8580f9b48b570d8853d06cac171cd170",
                "sha256:8a3ada8401736df2bf497f65589293a86c56e197a80ae7634ec2c3150a2f5082",
                "sha256:a06efd0482a1942aad209a6c18321b5e22d64eb531ea20af138b28172d8f35ba",
                "sha256:b24afc52e18dccc8c175de07c1d680bdf315844566f4952b5bedb908894bec79",
                "sha256:b8b4bd3dafc7b92608ae5462add1c8cc881851c2d4f5d8977fdea5b081d17f21",
                "sha256:c6e5024fc0cdf7f83b6624850309ddd7e06c48a75fa0d1c5173de4d93300eb19",
                "sha256:db7ff14abc73577b0bcbcf73ecff97d3580ecaa0fc8724babce21fdf3fe08ef6",
                "sha256:dedf54d72d9e7b6d043c244c8213fe2b8bbfe66874b9a65b39c4cc892dd99dd4",
                "sha256:ea3c2f859346fcd55fc46e96885301d9c2f7a36d453f5d8f2967840efa1e1830",
                "sha256:f0f47bafe9c9b8ed03e19a100a743662dd8c6d0135e684feea720a0d0046d116"
            ],
            "index": "pypi",
            "version": "==0.6.2"
        },
        "python-dotenv": {
            "hashes": [
                "sha256:debd928b49dbc2bf68040566f55cdb3252458036464806f4094487244e2a4093",
                "sha256:f157d71d5fec9d4bd5f51c82746b6344dffa680ee85217c123f4a0c8117c4544"
            ],
            "index": "pypi",
            "version": "==0.10.3"
        },
        "redis": {
            "hashes": [
                "sha256:2100750629beff143b6a200a2ea8e719fcf26420adabb81402895e144c5083cf",
                "sha256:8e0bdd2de02e829b6225b25646f9fb9daffea99a252610d040409a6738541f0a"
            ],
            "index": "pypi",
            "version": "==3.0.1"
        },
        "redis-py-cluster": {
            "hashes": [
                "sha256:1a44154bed2ff082a40d31d33e14e016cf1665934c19b9d57770a66cb5d0d9a3",
                "sha256:df8ce0a03e7262f84553ee079920fb882dab3213f201755cd38bb04ccaac7f4b"
            ],
            "index": "pypi",
            "version": "==2.0.0"
        },
        "rq": {
            "hashes": [
                "sha256:2798d26a7b850e759f23f69695a389d676a9c08f2c14f96f0d34d9648c9d5616",
                "sha256:4f27c6a690d1bd02b9157e615d8819555b9b359c0c4ec8ff0013d160c31b40bb"
            ],
            "index": "pypi",
            "version": "==1.1.0"
        },
        "supervisor": {
            "hashes": [
                "sha256:43e87c7b572a94acdb586aaebb06844dae1aa02856b984c5a738032abd753fb7",
                "sha256:9644990d21a1ba03b1a7ac5e9a0c0c62e12822e258f9e98f4a0b128461b3f10a"
            ],
            "index": "pypi",
            "version": "==4.0.4"
        }
    },
    "develop": {}
}
