{
    "_meta": {
        "hash": {
            "sha256": "7ad99bae694013e3e75ddc92c71c7b5daed828fb405c3ab7fe8d51d8602c50d8"
        },
        "pipfile-spec": 6,
        "requires": {
            "python_version": "3.7"
        },
        "sources": [
            {
                "name": "pypi",
                "url": "https://pypi.org/simple",
                "verify_ssl": true
            }
        ]
    },
    "default": {
        "click": {
            "hashes": [
                "sha256:2335065e6395b9e67ca716de5f7526736bfa6ceead690adf616d925bdc622b13",
                "sha256:5b94b49521f6456670fdb30cd82a4eca9412788a93fa6dd6df72c94d5a8ff2d7"
            ],
            "index": "pypi",
            "version": "==7.0"
        },
        "meld3": {
            "hashes": [
                "sha256:1efda676264490db2e30bfb81b27a918cc6d9c2de6d609491aa43410b9537eb9",
                "sha256:a78cdcb6c0342b7ac82d900b584bd918ef72f86b60cdbf04754f840c070eb20c"
            ],
            "version": "==2.0.0"
        },
        "mpmath": {
            "hashes": [
                "sha256:fc17abe05fbab3382b61a123c398508183406fa132e0223874578e20946499f6"
            ],
            "index": "pypi",
            "version": "==1.1.0"
        },
        "python-dotenv": {
            "hashes": [
                "sha256:debd928b49dbc2bf68040566f55cdb3252458036464806f4094487244e2a4093",
                "sha256:f157d71d5fec9d4bd5f51c82746b6344dffa680ee85217c123f4a0c8117c4544"
            ],
            "index": "pypi",
            "version": "==0.10.3"
        },
        "redis": {
            "hashes": [
                "sha256:2100750629beff143b6a200a2ea8e719fcf26420adabb81402895e144c5083cf",
                "sha256:8e0bdd2de02e829b6225b25646f9fb9daffea99a252610d040409a6738541f0a"
            ],
            "index": "pypi",
            "version": "==3.0.1"
        },
        "redis-py-cluster": {
            "hashes": [
                "sha256:1a44154bed2ff082a40d31d33e14e016cf1665934c19b9d57770a66cb5d0d9a3",
                "sha256:df8ce0a03e7262f84553ee079920fb882dab3213f201755cd38bb04ccaac7f4b"
            ],
            "index": "pypi",
            "version": "==2.0.0"
        },
        "rq": {
            "hashes": [
                "sha256:2798d26a7b850e759f23f69695a389d676a9c08f2c14f96f0d34d9648c9d5616",
                "sha256:4f27c6a690d1bd02b9157e615d8819555b9b359c0c4ec8ff0013d160c31b40bb"
            ],
            "index": "pypi",
            "version": "==1.1.0"
        },
        "supervisor": {
            "hashes": [
                "sha256:43e87c7b572a94acdb586aaebb06844dae1aa02856b984c5a738032abd753fb7",
                "sha256:9644990d21a1ba03b1a7ac5e9a0c0c62e12822e258f9e98f4a0b128461b3f10a"
            ],
            "index": "pypi",
            "version": "==4.0.4"
        }
    },
    "develop": {}
}
